
Microsoft Visual Studio Solution File, Format Version 11.00
# Visual Studio 2010
Project("{FAE04EC0-301F-11D3-BF4B-00C04F79EFBC}") = "Demo", "Demo\Demo.csproj", "{231D607A-6D1C-4008-8A81-A689D4F79B76}"
EndProject
Global
	GlobalSection(SolutionConfigurationPlatforms) = preSolution
		Debug|iPhoneSimulator = Debug|iPhoneSimulator
		Release|iPhoneSimulator = Release|iPhoneSimulator
		Debug|iPhone = Debug|iPhone
		Release|iPhone = Release|iPhone
	EndGlobalSection
	GlobalSection(ProjectConfigurationPlatforms) = postSolution
		{231D607A-6D1C-4008-8A81-A689D4F79B76}.Debug|iPhone.ActiveCfg = Debug|iPhone
		{231D607A-6D1C-4008-8A81-A689D4F79B76}.Debug|iPhone.Build.0 = Debug|iPhone
		{231D607A-6D1C-4008-8A81-A689D4F79B76}.Debug|iPhoneSimulator.ActiveCfg = Debug|iPhoneSimulator
		{231D607A-6D1C-4008-8A81-A689D4F79B76}.Debug|iPhoneSimulator.Build.0 = Debug|iPhoneSimulator
		{231D607A-6D1C-4008-8A81-A689D4F79B76}.Release|iPhone.ActiveCfg = Release|iPhone
		{231D607A-6D1C-4008-8A81-A689D4F79B76}.Release|iPhone.Build.0 = Release|iPhone
		{231D607A-6D1C-4008-8A81-A689D4F79B76}.Release|iPhoneSimulator.ActiveCfg = Release|iPhoneSimulator
		{231D607A-6D1C-4008-8A81-A689D4F79B76}.Release|iPhoneSimulator.Build.0 = Release|iPhoneSimulator
	EndGlobalSection
	GlobalSection(MonoDevelopProperties) = preSolution
		StartupItem = Demo\Demo.csproj
	EndGlobalSection
EndGlobal
